
Microsoft Visual Studio Solution File, Format Version 12.00
# Visual Studio 2013
VisualStudioVersion = 12.0.31101.0
MinimumVisualStudioVersion = 10.0.40219.1
Project("{FAE04EC0-301F-11D3-BF4B-00C04F79EFBC}") = "frecevents.web", "frecevents.web\frecevents.web.csproj", "{2E1F4B92-2AC7-488B-B213-9C0881BD036E}"
EndProject
Project("{FAE04EC0-301F-11D3-BF4B-00C04F79EFBC}") = "basicmvc", "basicmvc\basicmvc.csproj", "{FE4494EA-D901-4347-909E-EF73FD80F87B}"
EndProject
Global
	GlobalSection(SolutionConfigurationPlatforms) = preSolution
		Debug|Any CPU = Debug|Any CPU
		Release|Any CPU = Release|Any CPU
	EndGlobalSection
	GlobalSection(ProjectConfigurationPlatforms) = postSolution
		{2E1F4B92-2AC7-488B-B213-9C0881BD036E}.Debug|Any CPU.ActiveCfg = Debug|Any CPU
		{2E1F4B92-2AC7-488B-B213-9C0881BD036E}.Debug|Any CPU.Build.0 = Debug|Any CPU
		{2E1F4B92-2AC7-488B-B213-9C0881BD036E}.Release|Any CPU.ActiveCfg = Release|Any CPU
		{2E1F4B92-2AC7-488B-B213-9C0881BD036E}.Release|Any CPU.Build.0 = Release|Any CPU
		{FE4494EA-D901-4347-909E-EF73FD80F87B}.Debug|Any CPU.ActiveCfg = Debug|Any CPU
		{FE4494EA-D901-4347-909E-EF73FD80F87B}.Debug|Any CPU.Build.0 = Debug|Any CPU
		{FE4494EA-D901-4347-909E-EF73FD80F87B}.Release|Any CPU.ActiveCfg = Release|Any CPU
		{FE4494EA-D901-4347-909E-EF73FD80F87B}.Release|Any CPU.Build.0 = Release|Any CPU
	EndGlobalSection
	GlobalSection(SolutionProperties) = preSolution
		HideSolutionNode = FALSE
	EndGlobalSection
EndGlobal
